
Microsoft Visual Studio Solution File, Format Version 12.00
# Visual Studio 15
VisualStudioVersion = 15.0.28307.852
MinimumVisualStudioVersion = 10.0.40219.1
Project("{FAE04EC0-301F-11D3-BF4B-00C04F79EFBC}") = "obrabotka_isklucheniy", "obrabotka_isklucheniy\obrabotka_isklucheniy.csproj", "{4DFF41E3-9220-4322-8AD5-BFC87DE9D39F}"
EndProject
Global
	GlobalSection(SolutionConfigurationPlatforms) = preSolution
		Debug|Any CPU = Debug|Any CPU
		Release|Any CPU = Release|Any CPU
	EndGlobalSection
	GlobalSection(ProjectConfigurationPlatforms) = postSolution
		{4DFF41E3-9220-4322-8AD5-BFC87DE9D39F}.Debug|Any CPU.ActiveCfg = Debug|Any CPU
		{4DFF41E3-9220-4322-8AD5-BFC87DE9D39F}.Debug|Any CPU.Build.0 = Debug|Any CPU
		{4DFF41E3-9220-4322-8AD5-BFC87DE9D39F}.Release|Any CPU.ActiveCfg = Release|Any CPU
		{4DFF41E3-9220-4322-8AD5-BFC87DE9D39F}.Release|Any CPU.Build.0 = Release|Any CPU
	EndGlobalSection
	GlobalSection(SolutionProperties) = preSolution
		HideSolutionNode = FALSE
	EndGlobalSection
	GlobalSection(ExtensibilityGlobals) = postSolution
		SolutionGuid = {D938D03F-1E00-48E7-B535-329780E6B247}
	EndGlobalSection
EndGlobal
